
Microsoft Visual Studio Solution File, Format Version 12.00
# Visual Studio Version 17
VisualStudioVersion = 17.2.32616.157
MinimumVisualStudioVersion = 10.0.40219.1
Project("{FAE04EC0-301F-11D3-BF4B-00C04F79EFBC}") = "Personel_Kayıt_Form", "Personel_Kayıt_Form\Personel_Kayıt_Form.csproj", "{92AE97D9-B082-4DF8-998C-2FADF8A8D06B}"
EndProject
Global
	GlobalSection(SolutionConfigurationPlatforms) = preSolution
		Debug|Any CPU = Debug|Any CPU
		Release|Any CPU = Release|Any CPU
	EndGlobalSection
	GlobalSection(ProjectConfigurationPlatforms) = postSolution
		{92AE97D9-B082-4DF8-998C-2FADF8A8D06B}.Debug|Any CPU.ActiveCfg = Debug|Any CPU
		{92AE97D9-B082-4DF8-998C-2FADF8A8D06B}.Debug|Any CPU.Build.0 = Debug|Any CPU
		{92AE97D9-B082-4DF8-998C-2FADF8A8D06B}.Release|Any CPU.ActiveCfg = Release|Any CPU
		{92AE97D9-B082-4DF8-998C-2FADF8A8D06B}.Release|Any CPU.Build.0 = Release|Any CPU
	EndGlobalSection
	GlobalSection(SolutionProperties) = preSolution
		HideSolutionNode = FALSE
	EndGlobalSection
	GlobalSection(ExtensibilityGlobals) = postSolution
		SolutionGuid = {8B20E3A5-904E-4F38-A6EB-CFF45F452D83}
	EndGlobalSection
EndGlobal
